Microsoft Visual Studio Solution File, Format Version 12.00
# Visual Studio Version 17
VisualStudioVersion = 17.5.2.0
MinimumVisualStudioVersion = 10.0.40219.1
Project("{FAE04EC0-301F-11D3-BF4B-00C04F79EFBC}") = "OrbitalBombardment", "OrbitalBombardment.csproj", "{3E2D95EA-F194-16DD-15AF-83F40591D28E}"
EndProject
Global
	GlobalSection(SolutionConfigurationPlatforms) = preSolution
		Debug|Any CPU = Debug|Any CPU
		Release|Any CPU = Release|Any CPU
	EndGlobalSection
	GlobalSection(ProjectConfigurationPlatforms) = postSolution
		{3E2D95EA-F194-16DD-15AF-83F40591D28E}.Debug|Any CPU.ActiveCfg = Debug|Any CPU
		{3E2D95EA-F194-16DD-15AF-83F40591D28E}.Debug|Any CPU.Build.0 = Debug|Any CPU
		{3E2D95EA-F194-16DD-15AF-83F40591D28E}.Release|Any CPU.ActiveCfg = Release|Any CPU
		{3E2D95EA-F194-16DD-15AF-83F40591D28E}.Release|Any CPU.Build.0 = Release|Any CPU
	EndGlobalSection
	GlobalSection(SolutionProperties) = preSolution
		HideSolutionNode = FALSE
	EndGlobalSection
	GlobalSection(ExtensibilityGlobals) = postSolution
		SolutionGuid = {8B0D5CDC-3A7A-4AC2-9B76-DFB0206ED811}
	EndGlobalSection
EndGlobal
